
Microsoft Visual Studio Solution File, Format Version 12.00
# Visual Studio 15
VisualStudioVersion = 15.0.26228.4
MinimumVisualStudioVersion = 10.0.40219.1
Project("{9A19103F-16F7-4668-BE54-9A1E7A4F7556}") = "DotParse", "DotParse\DotParse.csproj", "{57176B23-AF83-4FDD-93E2-DD7A5FE58FEE}"
EndProject
Project("{9A19103F-16F7-4668-BE54-9A1E7A4F7556}") = "DotParseTest", "DotParseTest\DotParseTest.csproj", "{AF370D33-1234-4EE0-8DE4-F54F4952B101}"
EndProject
Project("{FAE04EC0-301F-11D3-BF4B-00C04F79EFBC}") = "Sample", "Sample\Sample.csproj", "{7AD5C949-5127-4068-BC52-B391295C97B5}"
EndProject
Global
	GlobalSection(SolutionConfigurationPlatforms) = preSolution
		Debug|Any CPU = Debug|Any CPU
		Release|Any CPU = Release|Any CPU
	EndGlobalSection
	GlobalSection(ProjectConfigurationPlatforms) = postSolution
		{57176B23-AF83-4FDD-93E2-DD7A5FE58FEE}.Debug|Any CPU.ActiveCfg = Debug|Any CPU
		{57176B23-AF83-4FDD-93E2-DD7A5FE58FEE}.Debug|Any CPU.Build.0 = Debug|Any CPU
		{57176B23-AF83-4FDD-93E2-DD7A5FE58FEE}.Release|Any CPU.ActiveCfg = Release|Any CPU
		{57176B23-AF83-4FDD-93E2-DD7A5FE58FEE}.Release|Any CPU.Build.0 = Release|Any CPU
		{AF370D33-1234-4EE0-8DE4-F54F4952B101}.Debug|Any CPU.ActiveCfg = Debug|Any CPU
		{AF370D33-1234-4EE0-8DE4-F54F4952B101}.Debug|Any CPU.Build.0 = Debug|Any CPU
		{AF370D33-1234-4EE0-8DE4-F54F4952B101}.Release|Any CPU.ActiveCfg = Release|Any CPU
		{AF370D33-1234-4EE0-8DE4-F54F4952B101}.Release|Any CPU.Build.0 = Release|Any CPU
		{7AD5C949-5127-4068-BC52-B391295C97B5}.Debug|Any CPU.ActiveCfg = Debug|Any CPU
		{7AD5C949-5127-4068-BC52-B391295C97B5}.Debug|Any CPU.Build.0 = Debug|Any CPU
		{7AD5C949-5127-4068-BC52-B391295C97B5}.Release|Any CPU.ActiveCfg = Release|Any CPU
		{7AD5C949-5127-4068-BC52-B391295C97B5}.Release|Any CPU.Build.0 = Release|Any CPU
	EndGlobalSection
	GlobalSection(SolutionProperties) = preSolution
		HideSolutionNode = FALSE
	EndGlobalSection
EndGlobal
